
Microsoft Visual Studio Solution File, Format Version 12.00
# Visual Studio 2013
VisualStudioVersion = 12.0.21005.1
MinimumVisualStudioVersion = 10.0.40219.1
Project("{FAE04EC0-301F-11D3-BF4B-00C04F79EFBC}") = "RealEstate", "RealEstate\RealEstate\RealEstate.csproj", "{92FC469D-2ECE-4B78-A41C-FF674995D6CD}"
EndProject
Project("{FAE04EC0-301F-11D3-BF4B-00C04F79EFBC}") = "RealEstate.Business", "RealEstate.Business\RealEstate.Business.csproj", "{389FC292-A5C5-455C-A941-2B1E668CB893}"
EndProject
Project("{FAE04EC0-301F-11D3-BF4B-00C04F79EFBC}") = "RealEstate.Common", "RealEstate.Common\RealEstate.Common.csproj", "{C8A69B1B-FD4B-4EF9-9792-6F545B6E7EE7}"
EndProject
Project("{FAE04EC0-301F-11D3-BF4B-00C04F79EFBC}") = "RealEstate.DataAccess", "RealEstate.Data\RealEstate.DataAccess.csproj", "{91C8AF54-3E05-40C8-8498-7B59201BEBE5}"
EndProject
Global
	GlobalSection(SolutionConfigurationPlatforms) = preSolution
		Debug|Any CPU = Debug|Any CPU
		Release|Any CPU = Release|Any CPU
	EndGlobalSection
	GlobalSection(ProjectConfigurationPlatforms) = postSolution
		{92FC469D-2ECE-4B78-A41C-FF674995D6CD}.Debug|Any CPU.ActiveCfg = Debug|Any CPU
		{92FC469D-2ECE-4B78-A41C-FF674995D6CD}.Debug|Any CPU.Build.0 = Debug|Any CPU
		{92FC469D-2ECE-4B78-A41C-FF674995D6CD}.Release|Any CPU.ActiveCfg = Release|Any CPU
		{92FC469D-2ECE-4B78-A41C-FF674995D6CD}.Release|Any CPU.Build.0 = Release|Any CPU
		{389FC292-A5C5-455C-A941-2B1E668CB893}.Debug|Any CPU.ActiveCfg = Debug|Any CPU
		{389FC292-A5C5-455C-A941-2B1E668CB893}.Debug|Any CPU.Build.0 = Debug|Any CPU
		{389FC292-A5C5-455C-A941-2B1E668CB893}.Release|Any CPU.ActiveCfg = Release|Any CPU
		{389FC292-A5C5-455C-A941-2B1E668CB893}.Release|Any CPU.Build.0 = Release|Any CPU
		{C8A69B1B-FD4B-4EF9-9792-6F545B6E7EE7}.Debug|Any CPU.ActiveCfg = Debug|Any CPU
		{C8A69B1B-FD4B-4EF9-9792-6F545B6E7EE7}.Debug|Any CPU.Build.0 = Debug|Any CPU
		{C8A69B1B-FD4B-4EF9-9792-6F545B6E7EE7}.Release|Any CPU.ActiveCfg = Release|Any CPU
		{C8A69B1B-FD4B-4EF9-9792-6F545B6E7EE7}.Release|Any CPU.Build.0 = Release|Any CPU
		{91C8AF54-3E05-40C8-8498-7B59201BEBE5}.Debug|Any CPU.ActiveCfg = Debug|Any CPU
		{91C8AF54-3E05-40C8-8498-7B59201BEBE5}.Debug|Any CPU.Build.0 = Debug|Any CPU
		{91C8AF54-3E05-40C8-8498-7B59201BEBE5}.Release|Any CPU.ActiveCfg = Release|Any CPU
		{91C8AF54-3E05-40C8-8498-7B59201BEBE5}.Release|Any CPU.Build.0 = Release|Any CPU
	EndGlobalSection
	GlobalSection(SolutionProperties) = preSolution
		HideSolutionNode = FALSE
	EndGlobalSection
EndGlobal
